
Microsoft Visual Studio Solution File, Format Version 12.00
# Visual Studio Version 17
VisualStudioVersion = 17.7.34221.43
MinimumVisualStudioVersion = 10.0.40219.1
Project("{FAE04EC0-301F-11D3-BF4B-00C04F79EFBC}") = "takimlar", "takimlar\takimlar.csproj", "{AB0D8068-33FC-4F8A-A4F2-A7F831C15FBD}"
EndProject
Global
	GlobalSection(SolutionConfigurationPlatforms) = preSolution
		Debug|Any CPU = Debug|Any CPU
		Release|Any CPU = Release|Any CPU
	EndGlobalSection
	GlobalSection(ProjectConfigurationPlatforms) = postSolution
		{AB0D8068-33FC-4F8A-A4F2-A7F831C15FBD}.Debug|Any CPU.ActiveCfg = Debug|Any CPU
		{AB0D8068-33FC-4F8A-A4F2-A7F831C15FBD}.Debug|Any CPU.Build.0 = Debug|Any CPU
		{AB0D8068-33FC-4F8A-A4F2-A7F831C15FBD}.Release|Any CPU.ActiveCfg = Release|Any CPU
		{AB0D8068-33FC-4F8A-A4F2-A7F831C15FBD}.Release|Any CPU.Build.0 = Release|Any CPU
	EndGlobalSection
	GlobalSection(SolutionProperties) = preSolution
		HideSolutionNode = FALSE
	EndGlobalSection
	GlobalSection(ExtensibilityGlobals) = postSolution
		SolutionGuid = {CAA16C18-EA04-431F-AB9F-4EC735CC8160}
	EndGlobalSection
EndGlobal
